// !$*UTF8*$!
{
	archiveVersion = 1;
	classes = {
	};
	objectVersion = 46;
	objects = {

/* Begin PBXBuildFile section */
		49334C451E5E1CBC00D29973 /* main.cpp in Sources */ = {isa = PBXBuildFile; fileRef = 49334C3E1E5E1CBC00D29973 /* main.cpp */; };
		49334C481E5E1CBC00D29973 /* test.cpp in Sources */ = {isa = PBXBuildFile; fileRef = 49334C411E5E1CBC00D29973 /* test.cpp */; };
		49334C511E5E1E0B00D29973 /* libbtree.a in Frameworks */ = {isa = PBXBuildFile; fileRef = 49334C4C1E5E1E0B00D29973 /* libbtree.a */; };
		49334C521E5E1E0B00D29973 /* libbufmgr.a in Frameworks */ = {isa = PBXBuildFile; fileRef = 49334C4D1E5E1E0B00D29973 /* libbufmgr.a */; };
		49334C531E5E1E0B00D29973 /* libglobaldefs.a in Frameworks */ = {isa = PBXBuildFile; fileRef = 49334C4E1E5E1E0B00D29973 /* libglobaldefs.a */; };
		49334C541E5E1E0B00D29973 /* libjoins.a in Frameworks */ = {isa = PBXBuildFile; fileRef = 49334C4F1E5E1E0B00D29973 /* libjoins.a */; };
		49334C551E5E1E0B00D29973 /* libspacemgr.a in Frameworks */ = {isa = PBXBuildFile; fileRef = 49334C501E5E1E0B00D29973 /* libspacemgr.a */; };
		49334C5B1E5E1E7700D29973 /* frame.cpp in Sources */ = {isa = PBXBuildFile; fileRef = 49334C561E5E1E7700D29973 /* frame.cpp */; };
		49334C5C1E5E1E7700D29973 /* bufmgr.cpp in Sources */ = {isa = PBXBuildFile; fileRef = 49334C571E5E1E7700D29973 /* bufmgr.cpp */; };
		49334C5D1E5E1E7700D29973 /* lru_queue.cpp in Sources */ = {isa = PBXBuildFile; fileRef = 49334C581E5E1E7700D29973 /* lru_queue.cpp */; };
		49334C5E1E5E1E7700D29973 /* linkedframe.cpp in Sources */ = {isa = PBXBuildFile; fileRef = 49334C591E5E1E7700D29973 /* linkedframe.cpp */; };
		49334C5F1E5E1E7700D29973 /* bmtest.cpp in Sources */ = {isa = PBXBuildFile; fileRef = 49334C5A1E5E1E7700D29973 /* bmtest.cpp */; };
/* End PBXBuildFile section */

/* Begin PBXCopyFilesBuildPhase section */
		49334C0F1E5E01E700D29973 /* CopyFiles */ = {
			isa = PBXCopyFilesBuildPhase;
			buildActionMask = 2147483647;
			dstPath = /usr/share/man/man1/;
			dstSubfolderSpec = 0;
			files = (
			);
			runOnlyForDeploymentPostprocessing = 1;
		};
/* End PBXCopyFilesBuildPhase section */

/* Begin PBXFileReference section */
		49334C111E5E01E700D29973 /* minibase-bufmgr */ = {isa = PBXFileReference; explicitFileType = "compiled.mach-o.executable"; includeInIndex = 0; path = "minibase-bufmgr"; sourceTree = BUILT_PRODUCTS_DIR; };
		49334C3E1E5E1CBC00D29973 /* main.cpp */ = {isa = PBXFileReference; fileEncoding = 4; lastKnownFileType = sourcecode.cpp.cpp; path = main.cpp; sourceTree = "<group>"; };
		49334C411E5E1CBC00D29973 /* test.cpp */ = {isa = PBXFileReference; fileEncoding = 4; lastKnownFileType = sourcecode.cpp.cpp; path = test.cpp; sourceTree = "<group>"; };
		49334C491E5E1D0D00D29973 /* include */ = {isa = PBXFileReference; lastKnownFileType = folder; path = include; sourceTree = "<group>"; };
		49334C4C1E5E1E0B00D29973 /* libbtree.a */ = {isa = PBXFileReference; lastKnownFileType = archive.ar; name = libbtree.a; path = BufMgr/lib/libbtree.a; sourceTree = "<group>"; };
		49334C4D1E5E1E0B00D29973 /* libbufmgr.a */ = {isa = PBXFileReference; lastKnownFileType = archive.ar; name = libbufmgr.a; path = BufMgr/lib/libbufmgr.a; sourceTree = "<group>"; };
		49334C4E1E5E1E0B00D29973 /* libglobaldefs.a */ = {isa = PBXFileReference; lastKnownFileType = archive.ar; name = libglobaldefs.a; path = BufMgr/lib/libglobaldefs.a; sourceTree = "<group>"; };
		49334C4F1E5E1E0B00D29973 /* libjoins.a */ = {isa = PBXFileReference; lastKnownFileType = archive.ar; name = libjoins.a; path = BufMgr/lib/libjoins.a; sourceTree = "<group>"; };
		49334C501E5E1E0B00D29973 /* libspacemgr.a */ = {isa = PBXFileReference; lastKnownFileType = archive.ar; name = libspacemgr.a; path = BufMgr/lib/libspacemgr.a; sourceTree = "<group>"; };
		49334C561E5E1E7700D29973 /* frame.cpp */ = {isa = PBXFileReference; fileEncoding = 4; lastKnownFileType = sourcecode.cpp.cpp; name = frame.cpp; path = bufmgr/frame.cpp; sourceTree = "<group>"; };
		49334C571E5E1E7700D29973 /* bufmgr.cpp */ = {isa = PBXFileReference; fileEncoding = 4; lastKnownFileType = sourcecode.cpp.cpp; name = bufmgr.cpp; path = bufmgr/bufmgr.cpp; sourceTree = "<group>"; };
		49334C581E5E1E7700D29973 /* lru_queue.cpp */ = {isa = PBXFileReference; fileEncoding = 4; lastKnownFileType = sourcecode.cpp.cpp; name = lru_queue.cpp; path = bufmgr/lru_queue.cpp; sourceTree = "<group>"; };
		49334C591E5E1E7700D29973 /* linkedframe.cpp */ = {isa = PBXFileReference; fileEncoding = 4; lastKnownFileType = sourcecode.cpp.cpp; name = linkedframe.cpp; path = bufmgr/linkedframe.cpp; sourceTree = "<group>"; };
		49334C5A1E5E1E7700D29973 /* bmtest.cpp */ = {isa = PBXFileReference; fileEncoding = 4; lastKnownFileType = sourcecode.cpp.cpp; name = bmtest.cpp; path = bufmgr/bmtest.cpp; sourceTree = "<group>"; };
/* End PBXFileReference section */

/* Begin PBXFrameworksBuildPhase section */
		49334C0E1E5E01E700D29973 /* Frameworks */ = {
			isa = PBXFrameworksBuildPhase;
			buildActionMask = 2147483647;
			files = (
				49334C511E5E1E0B00D29973 /* libbtree.a in Frameworks */,
				49334C521E5E1E0B00D29973 /* libbufmgr.a in Frameworks */,
				49334C531E5E1E0B00D29973 /* libglobaldefs.a in Frameworks */,
				49334C541E5E1E0B00D29973 /* libjoins.a in Frameworks */,
				49334C551E5E1E0B00D29973 /* libspacemgr.a in Frameworks */,
			);
			runOnlyForDeploymentPostprocessing = 0;
		};
/* End PBXFrameworksBuildPhase section */

/* Begin PBXGroup section */
		49334C081E5E01E700D29973 = {
			isa = PBXGroup;
			children = (
				49334C131E5E01E700D29973 /* BufMgr */,
				49334C121E5E01E700D29973 /* Products */,
				49334C4B1E5E1E0B00D29973 /* Frameworks */,
			);
			sourceTree = "<group>";
		};
		49334C121E5E01E700D29973 /* Products */ = {
			isa = PBXGroup;
			children = (
				49334C111E5E01E700D29973 /* minibase-bufmgr */,
			);
			name = Products;
			sourceTree = "<group>";
		};
		49334C131E5E01E700D29973 /* BufMgr */ = {
			isa = PBXGroup;
			children = (
				49334C491E5E1D0D00D29973 /* include */,
				49334C3E1E5E1CBC00D29973 /* main.cpp */,
				49334C561E5E1E7700D29973 /* frame.cpp */,
				49334C571E5E1E7700D29973 /* bufmgr.cpp */,
				49334C581E5E1E7700D29973 /* lru_queue.cpp */,
				49334C591E5E1E7700D29973 /* linkedframe.cpp */,
				49334C5A1E5E1E7700D29973 /* bmtest.cpp */,
				49334C411E5E1CBC00D29973 /* test.cpp */,
			);
			path = BufMgr;
			sourceTree = "<group>";
		};
		49334C4B1E5E1E0B00D29973 /* Frameworks */ = {
			isa = PBXGroup;
			children = (
				49334C4C1E5E1E0B00D29973 /* libbtree.a */,
				49334C4D1E5E1E0B00D29973 /* libbufmgr.a */,
				49334C4E1E5E1E0B00D29973 /* libglobaldefs.a */,
				49334C4F1E5E1E0B00D29973 /* libjoins.a */,
				49334C501E5E1E0B00D29973 /* libspacemgr.a */,
			);
			name = Frameworks;
			sourceTree = "<group>";
		};
/* End PBXGroup section */

/* Begin PBXNativeTarget section */
		49334C101E5E01E700D29973 /* minibase-bufmgr */ = {
			isa = PBXNativeTarget;
			buildConfigurationList = 49334C181E5E01E700D29973 /* Build configuration list for PBXNativeTarget "minibase-bufmgr" */;
			buildPhases = (
				49334C0D1E5E01E700D29973 /* Sources */,
				49334C0E1E5E01E700D29973 /* Frameworks */,
				49334C0F1E5E01E700D29973 /* CopyFiles */,
			);
			buildRules = (
			);
			dependencies = (
			);
			name = "minibase-bufmgr";
			productName = BufMgr;
			productReference = 49334C111E5E01E700D29973 /* minibase-bufmgr */;
			productType = "com.apple.product-type.tool";
		};
/* End PBXNativeTarget section */

/* Begin PBXProject section */
		49334C091E5E01E700D29973 /* Project object */ = {
			isa = PBXProject;
			attributes = {
				LastUpgradeCheck = 0820;
				ORGANIZATIONNAME = "Organized Chaos";
				TargetAttributes = {
					49334C101E5E01E700D29973 = {
						CreatedOnToolsVersion = 8.2.1;
						ProvisioningStyle = Automatic;
					};
				};
			};
			buildConfigurationList = 49334C0C1E5E01E700D29973 /* Build configuration list for PBXProject "BufMgr" */;
			compatibilityVersion = "Xcode 3.2";
			developmentRegion = English;
			hasScannedForEncodings = 0;
			knownRegions = (
				en,
			);
			mainGroup = 49334C081E5E01E700D29973;
			productRefGroup = 49334C121E5E01E700D29973 /* Products */;
			projectDirPath = "";
			projectRoot = "";
			targets = (
				49334C101E5E01E700D29973 /* minibase-bufmgr */,
			);
		};
/* End PBXProject section */

/* Begin PBXSourcesBuildPhase section */
		49334C0D1E5E01E700D29973 /* Sources */ = {
			isa = PBXSourcesBuildPhase;
			buildActionMask = 2147483647;
			files = (
				49334C5E1E5E1E7700D29973 /* linkedframe.cpp in Sources */,
				49334C451E5E1CBC00D29973 /* main.cpp in Sources */,
				49334C481E5E1CBC00D29973 /* test.cpp in Sources */,
				49334C5C1E5E1E7700D29973 /* bufmgr.cpp in Sources */,
				49334C5D1E5E1E7700D29973 /* lru_queue.cpp in Sources */,
				49334C5F1E5E1E7700D29973 /* bmtest.cpp in Sources */,
				49334C5B1E5E1E7700D29973 /* frame.cpp in Sources */,
			);
			runOnlyForDeploymentPostprocessing = 0;
		};
/* End PBXSourcesBuildPhase section */

/* Begin XCBuildConfiguration section */
		49334C161E5E01E700D29973 /* Debug */ = {
			isa = XCBuildConfiguration;
			buildSettings = {
				ALWAYS_SEARCH_USER_PATHS = YES;
				CLANG_ANALYZER_NONNULL = YES;
				CLANG_CXX_LANGUAGE_STANDARD = "gnu++0x";
				CLANG_CXX_LIBRARY = "libc++";
				CLANG_ENABLE_MODULES = YES;
				CLANG_ENABLE_OBJC_ARC = YES;
				CLANG_WARN_BOOL_CONVERSION = YES;
				CLANG_WARN_CONSTANT_CONVERSION = YES;
				CLANG_WARN_DIRECT_OBJC_ISA_USAGE = YES_ERROR;
				CLANG_WARN_DOCUMENTATION_COMMENTS = YES;
				CLANG_WARN_EMPTY_BODY = YES;
				CLANG_WARN_ENUM_CONVERSION = YES;
				CLANG_WARN_INFINITE_RECURSION = YES;
				CLANG_WARN_INT_CONVERSION = YES;
				CLANG_WARN_OBJC_ROOT_CLASS = YES_ERROR;
				CLANG_WARN_SUSPICIOUS_MOVE = YES;
				CLANG_WARN_UNREACHABLE_CODE = YES;
				CLANG_WARN__DUPLICATE_METHOD_MATCH = YES;
				CODE_SIGN_IDENTITY = "-";
				COPY_PHASE_STRIP = NO;
				DEBUG_INFORMATION_FORMAT = dwarf;
				ENABLE_STRICT_OBJC_MSGSEND = YES;
				ENABLE_TESTABILITY = YES;
				GCC_C_LANGUAGE_STANDARD = gnu99;
				GCC_DYNAMIC_NO_PIC = NO;
				GCC_NO_COMMON_BLOCKS = YES;
				GCC_OPTIMIZATION_LEVEL = 0;
				GCC_PREPROCESSOR_DEFINITIONS = (
					"DEBUG=1",
					"$(inherited)",
				);
				GCC_WARN_64_TO_32_BIT_CONVERSION = YES;
				GCC_WARN_ABOUT_RETURN_TYPE = YES_ERROR;
				GCC_WARN_UNDECLARED_SELECTOR = YES;
				GCC_WARN_UNINITIALIZED_AUTOS = YES_AGGRESSIVE;
				GCC_WARN_UNUSED_FUNCTION = YES;
				GCC_WARN_UNUSED_VARIABLE = YES;
				HEADER_SEARCH_PATHS = (
					./BufMgr/include,
					./include,
					./BufMgr,
					./,
				);
				LIBRARY_SEARCH_PATHS = "$(SRCROOT)/BufMgr/lib/";
				MACOSX_DEPLOYMENT_TARGET = 10.11;
				MTL_ENABLE_DEBUG_INFO = YES;
				ONLY_ACTIVE_ARCH = YES;
				SDKROOT = macosx;
			};
			name = Debug;
		};
		49334C171E5E01E700D29973 /* Release */ = {
			isa = XCBuildConfiguration;
			buildSettings = {
				ALWAYS_SEARCH_USER_PATHS = YES;
				CLANG_ANALYZER_NONNULL = YES;
				CLANG_CXX_LANGUAGE_STANDARD = "gnu++0x";
				CLANG_CXX_LIBRARY = "libc++";
				CLANG_ENABLE_MODULES = YES;
				CLANG_ENABLE_OBJC_ARC = YES;
				CLANG_WARN_BOOL_CONVERSION = YES;
				CLANG_WARN_CONSTANT_CONVERSION = YES;
				CLANG_WARN_DIRECT_OBJC_ISA_USAGE = YES_ERROR;
				CLANG_WARN_DOCUMENTATION_COMMENTS = YES;
				CLANG_WARN_EMPTY_BODY = YES;
				CLANG_WARN_ENUM_CONVERSION = YES;
				CLANG_WARN_INFINITE_RECURSION = YES;
				CLANG_WARN_INT_CONVERSION = YES;
				CLANG_WARN_OBJC_ROOT_CLASS = YES_ERROR;
				CLANG_WARN_SUSPICIOUS_MOVE = YES;
				CLANG_WARN_UNREACHABLE_CODE = YES;
				CLANG_WARN__DUPLICATE_METHOD_MATCH = YES;
				CODE_SIGN_IDENTITY = "-";
				COPY_PHASE_STRIP = NO;
				DEBUG_INFORMATION_FORMAT = "dwarf-with-dsym";
				ENABLE_NS_ASSERTIONS = NO;
				ENABLE_STRICT_OBJC_MSGSEND = YES;
				GCC_C_LANGUAGE_STANDARD = gnu99;
				GCC_NO_COMMON_BLOCKS = YES;
				GCC_WARN_64_TO_32_BIT_CONVERSION = YES;
				GCC_WARN_ABOUT_RETURN_TYPE = YES_ERROR;
				GCC_WARN_UNDECLARED_SELECTOR = YES;
				GCC_WARN_UNINITIALIZED_AUTOS = YES_AGGRESSIVE;
				GCC_WARN_UNUSED_FUNCTION = YES;
				GCC_WARN_UNUSED_VARIABLE = YES;
				HEADER_SEARCH_PATHS = (
					./BufMgr/include,
					./include,
					./BufMgr,
					./,
				);
				LIBRARY_SEARCH_PATHS = "$(SRCROOT)/BufMgr/lib/";
				MACOSX_DEPLOYMENT_TARGET = 10.11;
				MTL_ENABLE_DEBUG_INFO = NO;
				SDKROOT = macosx;
			};
			name = Release;
		};
		49334C191E5E01E700D29973 /* Debug */ = {
			isa = XCBuildConfiguration;
			buildSettings = {
				HEADER_SEARCH_PATHS = (
					"$(SRCROOT)/BufMgr/include",
					"$(SRCROOT)/BufMgr",
				);
				INCLUDED_RECURSIVE_SEARCH_PATH_SUBDIRECTORIES = "lib include";
				LIBRARY_SEARCH_PATHS = (
					"$(SRCROOT)/BufMgr/lib/",
					"$(PROJECT_DIR)/BufMgr/lib",
				);
				PRODUCT_NAME = "$(TARGET_NAME)";
				USER_HEADER_SEARCH_PATHS = "$(SRCROOT)/BufMgr $(SRCROOT)/BufMgr/include";
			};
			name = Debug;
		};
		49334C1A1E5E01E700D29973 /* Release */ = {
			isa = XCBuildConfiguration;
			buildSettings = {
				HEADER_SEARCH_PATHS = (
					"$(SRCROOT)/BufMgr/include",
					"$(SRCROOT)/BufMgr",
				);
				INCLUDED_RECURSIVE_SEARCH_PATH_SUBDIRECTORIES = "lib include";
				LIBRARY_SEARCH_PATHS = (
					"$(SRCROOT)/BufMgr/lib/",
					"$(PROJECT_DIR)/BufMgr/lib",
				);
				PRODUCT_NAME = "$(TARGET_NAME)";
				USER_HEADER_SEARCH_PATHS = "$(SRCROOT)/BufMgr $(SRCROOT)/BufMgr/include";
			};
			name = Release;
		};
/* End XCBuildConfiguration section */

/* Begin XCConfigurationList section */
		49334C0C1E5E01E700D29973 /* Build configuration list for PBXProject "BufMgr" */ = {
			isa = XCConfigurationList;
			buildConfigurations = (
				49334C161E5E01E700D29973 /* Debug */,
				49334C171E5E01E700D29973 /* Release */,
			);
			defaultConfigurationIsVisible = 0;
			defaultConfigurationName = Release;
		};
		49334C181E5E01E700D29973 /* Build configuration list for PBXNativeTarget "minibase-bufmgr" */ = {
			isa = XCConfigurationList;
			buildConfigurations = (
				49334C191E5E01E700D29973 /* Debug */,
				49334C1A1E5E01E700D29973 /* Release */,
			);
			defaultConfigurationIsVisible = 0;
		};
/* End XCConfigurationList section */
	};
	rootObject = 49334C091E5E01E700D29973 /* Project object */;
}
